{
  "name": "canvaskit",
  "version": "1.0.0",
  "lockfileVersion": 2,
  "requires": true,
  "packages": {
    "": {
      "name": "canvaskit",
      "version": "1.0.0",
      "license": "ISC",
      "dependencies": {
        "canvaskit-wasm": "^0.38.0"
      }
    },
    "node_modules/canvaskit-wasm": {
      "version": "0.38.0",
      "resolved": "https://registry.npmmirror.com/canvaskit-wasm/-/canvaskit-wasm-0.38.0.tgz",
      "integrity": "sha512-ZEG6lucpbQ4Ld+mY8C1Ng+PMLVP+/AX02jS0Sdl28NyMxuKSa9uKB8oGd1BYp1XWPyO2Jgr7U8pdyjJ/F3xR5Q=="
    }
  },
  "dependencies": {
    "canvaskit-wasm": {
      "version": "0.38.0",
      "resolved": "https://registry.npmmirror.com/canvaskit-wasm/-/canvaskit-wasm-0.38.0.tgz",
      "integrity": "sha512-ZEG6lucpbQ4Ld+mY8C1Ng+PMLVP+/AX02jS0Sdl28NyMxuKSa9uKB8oGd1BYp1XWPyO2Jgr7U8pdyjJ/F3xR5Q=="
    }
  }
}
